
Microsoft Visual Studio Solution File, Format Version 12.00
# Visual Studio 14
VisualStudioVersion = 14.0.25420.1
MinimumVisualStudioVersion = 10.0.40219.1
Project("{2150E333-8FDC-42A3-9474-1A3956D46DE8}") = "元旦活动", "元旦活动", "{0237CA0E-A02A-4958-A515-AFDE1583620C}"
	ProjectSection(SolutionItems) = preProject
		npc\2017_2022503.js = npc\2017_2022503.js
		npc\2017_2022514.js = npc\2017_2022514.js
	EndProjectSection
EndProject
Project("{2150E333-8FDC-42A3-9474-1A3956D46DE8}") = "新手礼包", "新手礼包", "{00575861-6B56-45B8-9564-39DE5AD4CA3D}"
	ProjectSection(SolutionItems) = preProject
		npc\9900007_88.js = npc\9900007_88.js
	EndProjectSection
EndProject
Project("{2150E333-8FDC-42A3-9474-1A3956D46DE8}") = "拍卖菜单", "拍卖菜单", "{FFF539A4-C775-4F0D-8094-F33C95CF9465}"
	ProjectSection(SolutionItems) = preProject
		npc\9900004.js = npc\9900004.js
	EndProjectSection
EndProject
Project("{2150E333-8FDC-42A3-9474-1A3956D46DE8}") = "任务成就奖励", "任务成就奖励", "{1D4F0747-08A8-4BE9-AEC9-F89E0D640D90}"
	ProjectSection(SolutionItems) = preProject
		npc\9900004_9.js = npc\9900004_9.js
	EndProjectSection
EndProject
Project("{2150E333-8FDC-42A3-9474-1A3956D46DE8}") = "NPC", "NPC", "{6B7C94D6-4467-426F-9FE4-4D13F40890E4}"
	ProjectSection(SolutionItems) = preProject
		npc\1002000.js = npc\1002000.js
		npc\1002001.js = npc\1002001.js
		npc\1002002.js = npc\1002002.js
		npc\1002003.js = npc\1002003.js
		npc\1002004.js = npc\1002004.js
		npc\1002005.js = npc\1002005.js
		npc\1002007.js = npc\1002007.js
		npc\1002100.js = npc\1002100.js
		npc\1002101.js = npc\1002101.js
		npc\1012000.js = npc\1012000.js
		npc\1012002.js = npc\1012002.js
		npc\1012002~.js = npc\1012002~.js
		npc\1012005.js = npc\1012005.js
		npc\1012006.js = npc\1012006.js
		npc\1012007.js = npc\1012007.js
		npc\1012008.js = npc\1012008.js
		npc\1012009.js = npc\1012009.js
		npc\1012100.js = npc\1012100.js
		npc\1012103.js = npc\1012103.js
		npc\1012104.js = npc\1012104.js
		npc\1012105.js = npc\1012105.js
		npc\1012112.js = npc\1012112.js
		npc\1012113.js = npc\1012113.js
		npc\1012114.js = npc\1012114.js
		npc\1012115.js = npc\1012115.js
		npc\1012116.js = npc\1012116.js
		npc\1012117.js = npc\1012117.js
		npc\1012118.js = npc\1012118.js
		npc\1012119.js = npc\1012119.js
		npc\1013001.js = npc\1013001.js
		npc\1013002.js = npc\1013002.js
		npc\1013104.js = npc\1013104.js
		npc\1013200.js = npc\1013200.js
		npc\1013207.js = npc\1013207.js
		npc\1022000.js = npc\1022000.js
		npc\1022001.js = npc\1022001.js
		npc\1022002.js = npc\1022002.js
		npc\1022003.js = npc\1022003.js
		npc\1022003~.js = npc\1022003~.js
		npc\1022004.js = npc\1022004.js
		npc\1022004~.js = npc\1022004~.js
		npc\1022005.js = npc\1022005.js
		npc\1022101.js = npc\1022101.js
		npc\1022103.js = npc\1022103.js
		npc\1022105.js = npc\1022105.js
		npc\1022106.js = npc\1022106.js
		npc\1022107.js = npc\1022107.js
		npc\1032000.js = npc\1032000.js
		npc\1032001.js = npc\1032001.js
		npc\1032002..js = npc\1032002..js
		npc\1032002.js = npc\1032002.js
		npc\1032003.js = npc\1032003.js
		npc\1032004.js = npc\1032004.js
		npc\1032005.js = npc\1032005.js
		npc\1032006.js = npc\1032006.js
		npc\1032007.js = npc\1032007.js
		npc\1032008.js = npc\1032008.js
		npc\1032009.js = npc\1032009.js
		npc\1032100.js = npc\1032100.js
		npc\1032100~.js = npc\1032100~.js
		npc\1032102.js = npc\1032102.js
		npc\1032102_.js = npc\1032102_.js
		npc\1032102_1.js = npc\1032102_1.js
		npc\1032111.js = npc\1032111.js
		npc\1032113.js = npc\1032113.js
		npc\1032114.js = npc\1032114.js
		npc\1033000.js = npc\1033000.js
		npc\1033002.js = npc\1033002.js
		npc\1033103.js = npc\1033103.js
		npc\1033104.js = npc\1033104.js
		npc\1033105.js = npc\1033105.js
		npc\1033106.js = npc\1033106.js
		npc\1033110.js = npc\1033110.js
		npc\1033112.js = npc\1033112.js
		npc\1033200.js = npc\1033200.js
		npc\1033201.js = npc\1033201.js
		npc\1033202.js = npc\1033202.js
		npc\1033205.js = npc\1033205.js
		npc\1033206.js = npc\1033206.js
		npc\1040000.js = npc\1040000.js
		npc\1040001.js = npc\1040001.js
		npc\1043000.js = npc\1043000.js
		npc\1043001.js = npc\1043001.js
		npc\1043002.js = npc\1043002.js
		npc\1043003.js = npc\1043003.js
		npc\1052001.js = npc\1052001.js
		npc\1052002.js = npc\1052002.js
		npc\1052002~.js = npc\1052002~.js
		npc\1052003.js = npc\1052003.js
		npc\1052004.js = npc\1052004.js
		npc\1052005.js = npc\1052005.js
		npc\1052006.js = npc\1052006.js
		npc\1052007.js = npc\1052007.js
		npc\1052008.js = npc\1052008.js
		npc\1052009.js = npc\1052009.js
		npc\1052010.js = npc\1052010.js
		npc\1052011.js = npc\1052011.js
		npc\1052012.js = npc\1052012.js
		npc\1052013.js = npc\1052013.js
		npc\1052014.js = npc\1052014.js
		npc\1052015.js = npc\1052015.js
		npc\1052016.js = npc\1052016.js
		npc\1052017.js = npc\1052017.js
		npc\1052100.js = npc\1052100.js
		npc\1052101.js = npc\1052101.js
		npc\1052104.js = npc\1052104.js
		npc\1052107.js = npc\1052107.js
		npc\1052113.js = npc\1052113.js
		npc\1052114.js = npc\1052114.js
		npc\1052115.js = npc\1052115.js
		npc\1052116.js = npc\1052116.js
		npc\1057001.js = npc\1057001.js
		npc\1061000.js = npc\1061000.js
		npc\1061000~.js = npc\1061000~.js
		npc\1061006.js = npc\1061006.js
		npc\1061007.js = npc\1061007.js
		npc\1061008.js = npc\1061008.js
		npc\1061009.js = npc\1061009.js
		npc\1061010.js = npc\1061010.js
		npc\1061012.js = npc\1061012.js
		npc\1061014.js = npc\1061014.js
		npc\1061016.js = npc\1061016.js
		npc\1061018.js = npc\1061018.js
		npc\1061018封.js = npc\1061018封.js
		npc\1061100.js = npc\1061100.js
		npc\1063000.js = npc\1063000.js
		npc\1063001.js = npc\1063001.js
		npc\1063002.js = npc\1063002.js
		npc\1063012.js = npc\1063012.js
		npc\1063013.js = npc\1063013.js
		npc\1063016.js = npc\1063016.js
		npc\1063017.js = npc\1063017.js
		npc\1072000.js = npc\1072000.js
		npc\1072001.js = npc\1072001.js
		npc\1072002.js = npc\1072002.js
		npc\1072003.js = npc\1072003.js
		npc\1072004.js = npc\1072004.js
		npc\1072005.js = npc\1072005.js
		npc\1072006.js = npc\1072006.js
		npc\1072007.js = npc\1072007.js
		npc\1072008.js = npc\1072008.js
		npc\1081001.js = npc\1081001.js
		npc\1081102.js = npc\1081102.js
		npc\1091002.js = npc\1091002.js
		npc\1091003.js = npc\1091003.js
		npc\1091004.js = npc\1091004.js
		npc\1092000.js = npc\1092000.js
		npc\1092004.js = npc\1092004.js
		npc\1092007.js = npc\1092007.js
		npc\1092008.js = npc\1092008.js
		npc\1092010.js = npc\1092010.js
		npc\1092014.js = npc\1092014.js
		npc\1092016.js = npc\1092016.js
		npc\1092018.js = npc\1092018.js
		npc\1092019.js = npc\1092019.js
		npc\1092090.js = npc\1092090.js
		npc\1092091.js = npc\1092091.js
		npc\1092092.js = npc\1092092.js
		npc\1092093.js = npc\1092093.js
		npc\1092094.js = npc\1092094.js
		npc\1092095.js = npc\1092095.js
		npc\1094000.js = npc\1094000.js
		npc\1094002.js = npc\1094002.js
		npc\1094003.js = npc\1094003.js
		npc\1094004.js = npc\1094004.js
		npc\1094005.js = npc\1094005.js
		npc\1094006.js = npc\1094006.js
		npc\1095000.js = npc\1095000.js
		npc\1095001.js = npc\1095001.js
		npc\1095002.js = npc\1095002.js
		npc\1095003.js = npc\1095003.js
		npc\1096000.js = npc\1096000.js
		npc\1096001.js = npc\1096001.js
		npc\1096003.js = npc\1096003.js
		npc\1096005.js = npc\1096005.js
		npc\1096010.js = npc\1096010.js
		npc\1100000.js = npc\1100000.js
		npc\1100003.js = npc\1100003.js
		npc\1100004.js = npc\1100004.js
		npc\1100005.js = npc\1100005.js
		npc\1100006.js = npc\1100006.js
		npc\1100007.js = npc\1100007.js
		npc\1100008.js = npc\1100008.js
		npc\1101001.js = npc\1101001.js
		npc\1101008.js = npc\1101008.js
		npc\1102000.js = npc\1102000.js
		npc\1102001.js = npc\1102001.js
		npc\1102003.js = npc\1102003.js
		npc\1103000.js = npc\1103000.js
		npc\1103005.js = npc\1103005.js
		npc\1104000.js = npc\1104000.js
		npc\1104000_1.js = npc\1104000_1.js
		npc\1104000`.js = npc\1104000`.js
		npc\1104000人偶师.js = npc\1104000人偶师.js
		npc\1104002.js = npc\1104002.js
		npc\1104100.js = npc\1104100.js
		npc\1104101.js = npc\1104101.js
		npc\1104102.js = npc\1104102.js
		npc\1104103.js = npc\1104103.js
		npc\1104104.js = npc\1104104.js
		npc\1104200.js = npc\1104200.js
		npc\1104201.js = npc\1104201.js
		npc\1104202.js = npc\1104202.js
		npc\1104203.js = npc\1104203.js
		npc\1104204.js = npc\1104204.js
		npc\1104205.js = npc\1104205.js
		npc\1104206.js = npc\1104206.js
		npc\1200001.js = npc\1200001.js
		npc\1200002.js = npc\1200002.js
		npc\1200003.js = npc\1200003.js
		npc\1200004.js = npc\1200004.js
		npc\1200005.js = npc\1200005.js
		npc\1200006.js = npc\1200006.js
		npc\1202000.js = npc\1202000.js
		npc\1202009.js = npc\1202009.js
		npc\1204001.js = npc\1204001.js
		npc\1209000.js = npc\1209000.js
		npc\1209001.js = npc\1209001.js
		npc\1209002.js = npc\1209002.js
		npc\1209003.js = npc\1209003.js
		npc\1209004.js = npc\1209004.js
		npc\1209005.js = npc\1209005.js
		npc\12101.js = npc\12101.js
		npc\1300001.js = npc\1300001.js
		npc\1300009.js = npc\1300009.js
		npc\1300010.js = npc\1300010.js
		npc\1300012.js = npc\1300012.js
		npc\1300013.js = npc\1300013.js
		npc\1300014.js = npc\1300014.js
		npc\1301000.js = npc\1301000.js
		npc\2000.js = npc\2000.js
		npc\2000_1.js = npc\2000_1.js
		npc\2000_2.js = npc\2000_2.js
		npc\2000_22.js = npc\2000_22.js
		npc\2001000.js = npc\2001000.js
		npc\2001001.js = npc\2001001.js
		npc\2001002.js = npc\2001002.js
		npc\2001003.js = npc\2001003.js
		npc\2001004.js = npc\2001004.js
		npc\2002000.js = npc\2002000.js
		npc\2003.js = npc\2003.js
		npc\2007.js = npc\2007.js
		npc\2010000.js = npc\2010000.js
		npc\2010001.js = npc\2010001.js
		npc\2010002.js = npc\2010002.js
		npc\2010003.js = npc\2010003.js
		npc\2010003~.js = npc\2010003~.js
		npc\2010004.js = npc\2010004.js
		npc\2010005.js = npc\2010005.js
		npc\2010006.js = npc\2010006.js
		npc\2010007.js = npc\2010007.js
		npc\2010008.js = npc\2010008.js
		npc\2010009.js = npc\2010009.js
		npc\2010011.js = npc\2010011.js
		npc\2012000.js = npc\2012000.js
		npc\2012001.js = npc\2012001.js
		npc\2012002.js = npc\2012002.js
		npc\2012006.js = npc\2012006.js
		npc\2012007.js = npc\2012007.js
		npc\2012008.js = npc\2012008.js
		npc\2012009.js = npc\2012009.js
		npc\2012012.js = npc\2012012.js
		npc\2012013.js = npc\2012013.js
		npc\2012014.js = npc\2012014.js
		npc\2012015.js = npc\2012015.js
		npc\2012018.js = npc\2012018.js
		npc\2012022.js = npc\2012022.js
		npc\2012023.js = npc\2012023.js
		npc\2012024.js = npc\2012024.js
		npc\2012025.js = npc\2012025.js
		npc\2012027.js = npc\2012027.js
		npc\2012028.js = npc\2012028.js
		npc\2012029.js = npc\2012029.js
		npc\2012030.js = npc\2012030.js
		npc\2012031.js = npc\2012031.js
		npc\2012032.js = npc\2012032.js
		npc\2012033.js = npc\2012033.js
		npc\2013000.js = npc\2013000.js
		npc\2013001.js = npc\2013001.js
		npc\2013002.js = npc\2013002.js
		npc\2017_2022503.js = npc\2017_2022503.js
		npc\2017_2022514.js = npc\2017_2022514.js
		npc\2020000.js = npc\2020000.js
		npc\2020000~.js = npc\2020000~.js
		npc\2020001.js = npc\2020001.js
		npc\2020002.js = npc\2020002.js
		npc\2020002~.js = npc\2020002~.js
		npc\2020004.js = npc\2020004.js
		npc\2020005.js = npc\2020005.js
		npc\2020008.js = npc\2020008.js
		npc\2020009.js = npc\2020009.js
		npc\2020010.js = npc\2020010.js
		npc\2020011.js = npc\2020011.js
		npc\2020013.js = npc\2020013.js
		npc\2022003.js = npc\2022003.js
		npc\2022004.js = npc\2022004.js
		npc\2022005.js = npc\2022005.js
		npc\2022006.js = npc\2022006.js
		npc\2022007.js = npc\2022007.js
		npc\2022008.js = npc\2022008.js
		npc\2022009.js = npc\2022009.js
		npc\2023000.js = npc\2023000.js
		npc\2030000.js = npc\2030000.js
		npc\2030006.js = npc\2030006.js
		npc\2030008.js = npc\2030008.js
		npc\2030010.js = npc\2030010.js
		npc\2030011.js = npc\2030011.js
		npc\2030013.js = npc\2030013.js
		npc\2030013_1.js = npc\2030013_1.js
		npc\2030014.js = npc\2030014.js
		npc\2032001.js = npc\2032001.js
		npc\2032002.js = npc\2032002.js
		npc\2032003.js = npc\2032003.js
		npc\2040000.js = npc\2040000.js
		npc\2040002.js = npc\2040002.js
		npc\2040003.js = npc\2040003.js
		npc\2040014.js = npc\2040014.js
		npc\2040016.js = npc\2040016.js
		npc\2040019.js = npc\2040019.js
		npc\2040020.js = npc\2040020.js
		npc\2040020~.js = npc\2040020~.js
		npc\2040021.js = npc\2040021.js
		npc\2040021~.js = npc\2040021~.js
		npc\2040022.js = npc\2040022.js
		npc\2040022~.js = npc\2040022~.js
		npc\2040024.js = npc\2040024.js
		npc\2040025.js = npc\2040025.js
		npc\2040026.js = npc\2040026.js
		npc\2040027.js = npc\2040027.js
		npc\2040028.js = npc\2040028.js
		npc\2040030.js = npc\2040030.js
		npc\2040031.js = npc\2040031.js
		npc\2040032.js = npc\2040032.js
		npc\2040033.js = npc\2040033.js
		npc\2040034.js = npc\2040034.js
		npc\2040035.js = npc\2040035.js
		npc\2040036.js = npc\2040036.js
		npc\2040037.js = npc\2040037.js
		npc\2040038.js = npc\2040038.js
		npc\2040039.js = npc\2040039.js
		npc\2040040.js = npc\2040040.js
		npc\2040041.js = npc\2040041.js
		npc\2040042.js = npc\2040042.js
		npc\2040043.js = npc\2040043.js
		npc\2040044.js = npc\2040044.js
		npc\2040045.js = npc\2040045.js
		npc\2040046.js = npc\2040046.js
		npc\2040047.js = npc\2040047.js
		npc\2040048.js = npc\2040048.js
		npc\2040050.js = npc\2040050.js
		npc\2040052.js = npc\2040052.js
		npc\2041000.js = npc\2041000.js
		npc\2041001.js = npc\2041001.js
		npc\2041003.js = npc\2041003.js
		npc\2041007.js = npc\2041007.js
		npc\2041008.js = npc\2041008.js
		npc\2041009.js = npc\2041009.js
		npc\2041010.js = npc\2041010.js
		npc\2041013.js = npc\2041013.js
		npc\2041014.js = npc\2041014.js
		npc\2041023.js = npc\2041023.js
		npc\2041024.js = npc\2041024.js
		npc\2041024_1.js = npc\2041024_1.js
		npc\2041025.js = npc\2041025.js
		npc\2041029.js = npc\2041029.js
		npc\2042000.js = npc\2042000.js
		npc\2042001.js = npc\2042001.js
		npc\2042002.js = npc\2042002.js
		npc\2042003.js = npc\2042003.js
		npc\2042004.js = npc\2042004.js
		npc\2042005.js = npc\2042005.js
		npc\2042006.js = npc\2042006.js
		npc\2042007.js = npc\2042007.js
		npc\2042008.js = npc\2042008.js
		npc\2042009.js = npc\2042009.js
		npc\2043000.js = npc\2043000.js
		npc\2050004.js = npc\2050004.js
		npc\2050014.js = npc\2050014.js
		npc\2050015.js = npc\2050015.js
		npc\2050016.js = npc\2050016.js
		npc\2050017.js = npc\2050017.js
		npc\2050018.js = npc\2050018.js
		npc\2050019.js = npc\2050019.js
		npc\2060005.js = npc\2060005.js
		npc\2060008.js = npc\2060008.js
		npc\2060009.js = npc\2060009.js
		npc\2060010.js = npc\2060010.js
		npc\2060100.js = npc\2060100.js
		npc\2060103.js = npc\2060103.js
		npc\2070000.js = npc\2070000.js
		npc\2070002.js = npc\2070002.js
		npc\2070003.js = npc\2070003.js
		npc\2071012.js = npc\2071012.js
		npc\2080000.js = npc\2080000.js
		npc\2080001.js = npc\2080001.js
		npc\2080002.js = npc\2080002.js
		npc\2080004.js = npc\2080004.js
		npc\2080005.js = npc\2080005.js
		npc\2081000.js = npc\2081000.js
		npc\2081004.js = npc\2081004.js
		npc\2081005.js = npc\2081005.js
		npc\2081009.js = npc\2081009.js
		npc\2081010.js = npc\2081010.js
		npc\2081100.js = npc\2081100.js
		npc\2081200.js = npc\2081200.js
		npc\2081300.js = npc\2081300.js
		npc\2081400.js = npc\2081400.js
		npc\2081500.js = npc\2081500.js
		npc\2082000.js = npc\2082000.js
		npc\2082001.js = npc\2082001.js
		npc\2082002.js = npc\2082002.js
		npc\2082003.js = npc\2082003.js
		npc\2083000.js = npc\2083000.js
		npc\2083001.js = npc\2083001.js
		npc\2083002.js = npc\2083002.js
		npc\2083003.js = npc\2083003.js
		npc\2083004 - 副本.js = npc\2083004 - 副本.js
		npc\2083004.js = npc\2083004.js
		npc\2083004_1.js = npc\2083004_1.js
		npc\2083004_2.js = npc\2083004_2.js
		npc\2083005.js = npc\2083005.js
		npc\2083006.js = npc\2083006.js
		npc\2084000.js = npc\2084000.js
		npc\2084001.js = npc\2084001.js
		npc\2090000.js = npc\2090000.js
		npc\2090001.js = npc\2090001.js
		npc\2090002.js = npc\2090002.js
		npc\2090003.js = npc\2090003.js
		npc\2090004.js = npc\2090004.js
		npc\2090005.js = npc\2090005.js
		npc\2090005封.js = npc\2090005封.js
		npc\2090100.js = npc\2090100.js
		npc\2090101.js = npc\2090101.js
		npc\2090102.js = npc\2090102.js
		npc\2090103.js = npc\2090103.js
		npc\2090104.js = npc\2090104.js
		npc\2091005.js = npc\2091005.js
		npc\2091006.js = npc\2091006.js
		npc\2092001.js = npc\2092001.js
		npc\2093000.js = npc\2093000.js
		npc\2093001.js = npc\2093001.js
		npc\2093002.js = npc\2093002.js
		npc\2093003.js = npc\2093003.js
		npc\2093004.js = npc\2093004.js
		npc\2094000.js = npc\2094000.js
		npc\2094001.js = npc\2094001.js
		npc\2094002.js = npc\2094002.js
		npc\2095000.js = npc\2095000.js
		npc\2096000.js = npc\2096000.js
		npc\2100000.js = npc\2100000.js
		npc\2100001.js = npc\2100001.js
		npc\2100001~.js = npc\2100001~.js
		npc\2100002.js = npc\2100002.js
		npc\2100003.js = npc\2100003.js
		npc\2100005.js = npc\2100005.js
		npc\2100006.js = npc\2100006.js
		npc\2100007.js = npc\2100007.js
		npc\2100008.js = npc\2100008.js
		npc\2100009.js = npc\2100009.js
		npc\2101.js = npc\2101.js
		npc\2101000.js = npc\2101000.js
		npc\2101001.js = npc\2101001.js
		npc\2101002.js = npc\2101002.js
		npc\2101003.js = npc\2101003.js
		npc\2101004.js = npc\2101004.js
		npc\2101005.js = npc\2101005.js
		npc\2101006.js = npc\2101006.js
		npc\2101007.js = npc\2101007.js
		npc\2101008.js = npc\2101008.js
		npc\2101009.js = npc\2101009.js
		npc\2101011.js = npc\2101011.js
		npc\2101013.js = npc\2101013.js
		npc\2101014.js = npc\2101014.js
		npc\2101014``.js = npc\2101014``.js
		npc\2101017.js = npc\2101017.js
		npc\2101018.js = npc\2101018.js
		npc\2101018_.js = npc\2101018_.js
		npc\2102000.js = npc\2102000.js
		npc\2102001.js = npc\2102001.js
		npc\2102002.js = npc\2102002.js
		npc\2103000.js = npc\2103000.js
		npc\2103001.js = npc\2103001.js
		npc\2103002.js = npc\2103002.js
		npc\2103009.js = npc\2103009.js
		npc\2103010.js = npc\2103010.js
		npc\2103011.js = npc\2103011.js
		npc\2103012.js = npc\2103012.js
		npc\2103013..js = npc\2103013..js
		npc\2103013.js = npc\2103013.js
		npc\2110000.js = npc\2110000.js
		npc\2110001.js = npc\2110001.js
		npc\2110005.js = npc\2110005.js
		npc\2111000.js = npc\2111000.js
		npc\2111001.js = npc\2111001.js
		npc\2111003.js = npc\2111003.js
		npc\2111006.js = npc\2111006.js
		npc\2111024.js = npc\2111024.js
		npc\2111025.js = npc\2111025.js
		npc\2111026.js = npc\2111026.js
		npc\2112000.js = npc\2112000.js
		npc\2112001.js = npc\2112001.js
		npc\2112002.js = npc\2112002.js
		npc\2112003.js = npc\2112003.js
		npc\2112004.js = npc\2112004.js
		npc\2112004封.js = npc\2112004封.js
		npc\2112005.js = npc\2112005.js
		npc\2112006.js = npc\2112006.js
		npc\2112007.js = npc\2112007.js
		npc\2112008.js = npc\2112008.js
		npc\2112009.js = npc\2112009.js
		npc\2112010.js = npc\2112010.js
		npc\2112011.js = npc\2112011.js
		npc\2112012.js = npc\2112012.js
		npc\2112013.js = npc\2112013.js
		npc\2112018.js = npc\2112018.js
		npc\2120001.js = npc\2120001.js
		npc\2120003.js = npc\2120003.js
		npc\2120003_.js = npc\2120003_.js
		npc\2121000.js = npc\2121000.js
		npc\2130000.js = npc\2130000.js
		npc\2131000.js = npc\2131000.js
		npc\2131001.js = npc\2131001.js
		npc\2131002.js = npc\2131002.js
		npc\2131003.js = npc\2131003.js
		npc\2131004.js = npc\2131004.js
		npc\2131005.js = npc\2131005.js
		npc\2131006.js = npc\2131006.js
		npc\2131007.js = npc\2131007.js
		npc\2132000.js = npc\2132000.js
		npc\2132001.js = npc\2132001.js
		npc\2132002.js = npc\2132002.js
		npc\2132003.js = npc\2132003.js
		npc\2133000.js = npc\2133000.js
		npc\2133001.js = npc\2133001.js
		npc\2133002.js = npc\2133002.js
		npc\2133004.js = npc\2133004.js
		npc\2141000.js = npc\2141000.js
		npc\2141001.js = npc\2141001.js
		npc\2141002.js = npc\2141002.js
		npc\2142000.js = npc\2142000.js
		npc\2143004.js = npc\2143004.js
		npc\2150000.js = npc\2150000.js
		npc\2150002.js = npc\2150002.js
		npc\2150008.js = npc\2150008.js
		npc\2150009.js = npc\2150009.js
		npc\2150010.js = npc\2150010.js
		npc\2151006.js = npc\2151006.js
		npc\2151007.js = npc\2151007.js
		npc\2151008.js = npc\2151008.js
		npc\2152005.js = npc\2152005.js
		npc\2152012.js = npc\2152012.js
		npc\2152013.js = npc\2152013.js
		npc\2152014.js = npc\2152014.js
		npc\2152015.js = npc\2152015.js
		npc\2152019.js = npc\2152019.js
		npc\2153002.js = npc\2153002.js
		npc\2159000.js = npc\2159000.js
		npc\2159001.js = npc\2159001.js
		npc\2159002.js = npc\2159002.js
		npc\2159003.js = npc\2159003.js
		npc\2159004.js = npc\2159004.js
		npc\2159005.js = npc\2159005.js
		npc\2159006.js = npc\2159006.js
		npc\2159007.js = npc\2159007.js
		npc\2159008.js = npc\2159008.js
		npc\2159010.js = npc\2159010.js
		npc\2159011.js = npc\2159011.js
		npc\2159012.js = npc\2159012.js
		npc\2159013.js = npc\2159013.js
		npc\2159015.js = npc\2159015.js
		npc\2159016.js = npc\2159016.js
		npc\2159017.js = npc\2159017.js
		npc\2159018.js = npc\2159018.js
		npc\2159019.js = npc\2159019.js
		npc\2159020.js = npc\2159020.js
		npc\2159100.js = npc\2159100.js
		npc\2159307.js = npc\2159307.js
		npc\2159309.js = npc\2159309.js
		npc\2159310.js = npc\2159310.js
		npc\2159311.js = npc\2159311.js
		npc\2159314.js = npc\2159314.js
		npc\2159328.js = npc\2159328.js
		npc\2159329.js = npc\2159329.js
		npc\2159330.js = npc\2159330.js
		npc\2159340.js = npc\2159340.js
		npc\2159344.js = npc\2159344.js
		npc\2161000.js = npc\2161000.js
		npc\2161005.js = npc\2161005.js
		npc\2161006.js = npc\2161006.js
		npc\2161007.js = npc\2161007.js
		npc\2161008.js = npc\2161008.js
		npc\2161009.js = npc\2161009.js
		npc\2170004.js = npc\2170004.js
		npc\2170006.js = npc\2170006.js
		npc\22000.js = npc\22000.js
		npc\9000000.js = npc\9000000.js
		npc\9000001.js = npc\9000001.js
		npc\9000002.js = npc\9000002.js
		npc\9000003.js = npc\9000003.js
		npc\9000004.js = npc\9000004.js
		npc\9000005.js = npc\9000005.js
		npc\9000006..js = npc\9000006..js
		npc\9000006.js = npc\9000006.js
		npc\9000008.js = npc\9000008.js
		npc\9000009.js = npc\9000009.js
		npc\9000010.js = npc\9000010.js
		npc\9000011.js = npc\9000011.js
		npc\9000012.js = npc\9000012.js
		npc\9000013.js = npc\9000013.js
		npc\9000015.js = npc\9000015.js
		npc\9000015_1.js = npc\9000015_1.js
		npc\9000015_2.js = npc\9000015_2.js
		npc\9000015_3.js = npc\9000015_3.js
		npc\9000019.js = npc\9000019.js
		npc\9000019_.js = npc\9000019_.js
		npc\9000020..js = npc\9000020..js
		npc\9000020.js = npc\9000020.js
		npc\9000021.js = npc\9000021.js
		npc\9000030.js = npc\9000030.js
		npc\9000037.js = npc\9000037.js
		npc\9000039.js = npc\9000039.js
		npc\9000041.js = npc\9000041.js
		npc\9000049.js = npc\9000049.js
		npc\9000055.js = npc\9000055.js
		npc\9000056.js = npc\9000056.js
		npc\9000058.js = npc\9000058.js
		npc\9000058_.js = npc\9000058_.js
		npc\9000058_back.js = npc\9000058_back.js
		npc\9000059.js = npc\9000059.js
		npc\9000060.js = npc\9000060.js
		npc\9000069.js = npc\9000069.js
		npc\9000075.js = npc\9000075.js
		npc\9000078.js = npc\9000078.js
		npc\9000080.js = npc\9000080.js
		npc\9000081.js = npc\9000081.js
		npc\9000082.js = npc\9000082.js
		npc\9000085.js = npc\9000085.js
		npc\9000087.js = npc\9000087.js
		npc\9000088.js = npc\9000088.js
		npc\9001000.js = npc\9001000.js
		npc\9001001.js = npc\9001001.js
		npc\9001003.js = npc\9001003.js
		npc\9001004.js = npc\9001004.js
		npc\9010000.js = npc\9010000.js
		npc\9010000_1.js = npc\9010000_1.js
		npc\9010001.js = npc\9010001.js
		npc\9010002.js = npc\9010002.js
		npc\9010003.js = npc\9010003.js
		npc\9010009..js = npc\9010009..js
		npc\9010009_1.js = npc\9010009_1.js
		npc\9010009_2.js = npc\9010009_2.js
		npc\9010010.js = npc\9010010.js
		npc\9010014.js = npc\9010014.js
		npc\9010017.js = npc\9010017.js
		npc\9010020.js = npc\9010020.js
		npc\9010022.js = npc\9010022.js
		npc\9020000.js = npc\9020000.js
		npc\9020001.js = npc\9020001.js
		npc\9020002.js = npc\9020002.js
		npc\9020003.js = npc\9020003.js
		npc\9020004.js = npc\9020004.js
		npc\9020005.js = npc\9020005.js
		npc\9020006.js = npc\9020006.js
		npc\9020008.js = npc\9020008.js
		npc\9030000.js = npc\9030000.js
		npc\9030100.js = npc\9030100.js
		npc\9031000.js = npc\9031000.js
		npc\9031001.js = npc\9031001.js
		npc\9031002.js = npc\9031002.js
		npc\9031003.js = npc\9031003.js
		npc\9031004.js = npc\9031004.js
		npc\9031005.js = npc\9031005.js
		npc\9031010.js = npc\9031010.js
		npc\9031011.js = npc\9031011.js
		npc\9031012.js = npc\9031012.js
		npc\9031013.js = npc\9031013.js
		npc\9031014.js = npc\9031014.js
		npc\9031016.js = npc\9031016.js
		npc\9040000.js = npc\9040000.js
		npc\9040001.js = npc\9040001.js
		npc\9040002.js = npc\9040002.js
		npc\9040003.js = npc\9040003.js
		npc\9040004.js = npc\9040004.js
		npc\9040005.js = npc\9040005.js
		npc\9040006.js = npc\9040006.js
		npc\9040007.js = npc\9040007.js
		npc\9040008.js = npc\9040008.js
		npc\9040008_.js = npc\9040008_.js
		npc\9040009.js = npc\9040009.js
		npc\9040010.js = npc\9040010.js
		npc\9040011.js = npc\9040011.js
		npc\9040012.js = npc\9040012.js
		npc\9050000.js = npc\9050000.js
		npc\9050001.js = npc\9050001.js
		npc\9050001封.js = npc\9050001封.js
		npc\9050002.js = npc\9050002.js
		npc\9050003.js = npc\9050003.js
		npc\9050004.js = npc\9050004.js
		npc\9050005.js = npc\9050005.js
		npc\9050008.js = npc\9050008.js
		npc\9060000.js = npc\9060000.js
		npc\9070000.js = npc\9070000.js
		npc\9070002.js = npc\9070002.js
		npc\9070003.js = npc\9070003.js
		npc\9070004.js = npc\9070004.js
		npc\9070005.js = npc\9070005.js
		npc\9070007.js = npc\9070007.js
		npc\9071000.js = npc\9071000.js
		npc\9071001.js = npc\9071001.js
		npc\9071002.js = npc\9071002.js
		npc\9071003.js = npc\9071003.js
		npc\9071004.js = npc\9071004.js
		npc\9071005.js = npc\9071005.js
		npc\9100100.js = npc\9100100.js
		npc\9100101.js = npc\9100101.js
		npc\9100102.js = npc\9100102.js
		npc\9100103.js = npc\9100103.js
		npc\9100104.js = npc\9100104.js
		npc\9100105.js = npc\9100105.js
		npc\9100106.js = npc\9100106.js
		npc\9100107.js = npc\9100107.js
		npc\9100108.js = npc\9100108.js
		npc\9100109.js = npc\9100109.js
		npc\9100110.js = npc\9100110.js
		npc\9100111.js = npc\9100111.js
		npc\9100112.js = npc\9100112.js
		npc\9100200.js = npc\9100200.js
		npc\9100201.js = npc\9100201.js
		npc\9100202.js = npc\9100202.js
		npc\9100203.js = npc\9100203.js
		npc\9100204.js = npc\9100204.js
		npc\9100205.js = npc\9100205.js
		npc\9101001.js = npc\9101001.js
		npc\9102001.js = npc\9102001.js
		npc\9102100.js = npc\9102100.js
		npc\9102101.js = npc\9102101.js
		npc\9103000.js = npc\9103000.js
		npc\9103001.js = npc\9103001.js
		npc\9103002.js = npc\9103002.js
		npc\9103003.js = npc\9103003.js
		npc\9105004.js = npc\9105004.js
		npc\9105005.js = npc\9105005.js
		npc\9105006.js = npc\9105006.js
		npc\9105006_.js = npc\9105006_.js
		npc\9105006__.js = npc\9105006__.js
		npc\9105010.js = npc\9105010.js
		npc\9110000.js = npc\9110000.js
		npc\9110008.js = npc\9110008.js
		npc\9110100.js = npc\9110100.js
		npc\9110102.js = npc\9110102.js
		npc\9110105.js = npc\9110105.js
		npc\9110107.js = npc\9110107.js
		npc\9120003.js = npc\9120003.js
		npc\9120009.js = npc\9120009.js
		npc\9120010.js = npc\9120010.js
		npc\9120013.js = npc\9120013.js
		npc\9120015.js = npc\9120015.js
		npc\9120020.js = npc\9120020.js
		npc\9120026.js = npc\9120026.js
		npc\9120030.js = npc\9120030.js
		npc\9120034.js = npc\9120034.js
		npc\9120036.js = npc\9120036.js
		npc\9120037.js = npc\9120037.js
		npc\9120038.js = npc\9120038.js
		npc\9120039.js = npc\9120039.js
		npc\9120040.js = npc\9120040.js
		npc\9120050.js = npc\9120050.js
		npc\9120052.js = npc\9120052.js
		npc\9120053.js = npc\9120053.js
		npc\9120054.js = npc\9120054.js
		npc\9120100.js = npc\9120100.js
		npc\9120101.js = npc\9120101.js
		npc\9120106满技能.js = npc\9120106满技能.js
		npc\9120200.js = npc\9120200.js
		npc\9120201.js = npc\9120201.js
		npc\9120202.js = npc\9120202.js
		npc\9120203.js = npc\9120203.js
		npc\9120206.js = npc\9120206.js
		npc\9120208.js = npc\9120208.js
		npc\9120210.js = npc\9120210.js
		npc\9120212.js = npc\9120212.js
		npc\9120214.js = npc\9120214.js
		npc\9120216.js = npc\9120216.js
		npc\9120217.js = npc\9120217.js
		npc\9120218.js = npc\9120218.js
		npc\9120228.js = npc\9120228.js
		npc\9200000.js = npc\9200000.js
		npc\9200100.js = npc\9200100.js
		npc\9200101.js = npc\9200101.js
		npc\9200102.js = npc\9200102.js
		npc\9201000.js = npc\9201000.js
		npc\9201001.js = npc\9201001.js
		npc\9201002.js = npc\9201002.js
		npc\9201005.js = npc\9201005.js
		npc\9201006.js = npc\9201006.js
		npc\9201007.js = npc\9201007.js
		npc\9201008.js = npc\9201008.js
		npc\9201009.js = npc\9201009.js
		npc\9201010.js = npc\9201010.js
		npc\9201011.js = npc\9201011.js
		npc\9201012.js = npc\9201012.js
		npc\9201013.js = npc\9201013.js
		npc\9201014.js = npc\9201014.js
		npc\9201015.js = npc\9201015.js
		npc\9201016.js = npc\9201016.js
		npc\9201021.js = npc\9201021.js
		npc\9201022.js = npc\9201022.js
		npc\9201023.js = npc\9201023.js
		npc\9201028.js = npc\9201028.js
		npc\9201035.js = npc\9201035.js
		npc\9201036.js = npc\9201036.js
		npc\9201037.js = npc\9201037.js
		npc\9201039.js = npc\9201039.js
		npc\9201043.js = npc\9201043.js
		npc\9201044.js = npc\9201044.js
		npc\9201045.js = npc\9201045.js
		npc\9201046.js = npc\9201046.js
		npc\9201047.js = npc\9201047.js
		npc\9201048.js = npc\9201048.js
		npc\9201056.js = npc\9201056.js
		npc\9201057.js = npc\9201057.js
		npc\9201061.js = npc\9201061.js
		npc\9201062.js = npc\9201062.js
		npc\9201063.js = npc\9201063.js
		npc\9201064.js = npc\9201064.js
		npc\9201065.js = npc\9201065.js
		npc\9201068.js = npc\9201068.js
		npc\9201069.js = npc\9201069.js
		npc\9201070.js = npc\9201070.js
		npc\9201079.js = npc\9201079.js
		npc\9201081.js = npc\9201081.js
		npc\9201107.js = npc\9201107.js
		npc\9201108.js = npc\9201108.js
		npc\9201109.js = npc\9201109.js
		npc\9201110.js = npc\9201110.js
		npc\9201111.js = npc\9201111.js
		npc\9201112.js = npc\9201112.js
		npc\9201113.js = npc\9201113.js
		npc\9201114.js = npc\9201114.js
		npc\9201115.js = npc\9201115.js
		npc\9201117.js = npc\9201117.js
		npc\9201123.js = npc\9201123.js
		npc\9201124.js = npc\9201124.js
		npc\9201125.js = npc\9201125.js
		npc\9201126.js = npc\9201126.js
		npc\9201127.js = npc\9201127.js
		npc\9201128.js = npc\9201128.js
		npc\9201129.js = npc\9201129.js
		npc\9201130.js = npc\9201130.js
		npc\9201131..js = npc\9201131..js
		npc\9201131.js = npc\9201131.js
		npc\9201132.js = npc\9201132.js
		npc\9201133.js = npc\9201133.js
		npc\9201134.js = npc\9201134.js
		npc\9201139.js = npc\9201139.js
		npc\9201140.js = npc\9201140.js
		npc\9201141.js = npc\9201141.js
		npc\9201142.js = npc\9201142.js
		npc\9209000.js = npc\9209000.js
		npc\9209002.js = npc\9209002.js
		npc\9209002_1.js = npc\9209002_1.js
		npc\9209002_2.js = npc\9209002_2.js
		npc\9209003.js = npc\9209003.js
		npc\9209003_1.js = npc\9209003_1.js
		npc\9209003_2.js = npc\9209003_2.js
		npc\9209004.js = npc\9209004.js
		npc\9209004_1.js = npc\9209004_1.js
		npc\9209004_2.js = npc\9209004_2.js
		npc\9209005.js = npc\9209005.js
		npc\9209005_1.js = npc\9209005_1.js
		npc\9209005_2.js = npc\9209005_2.js
		npc\9209006.js = npc\9209006.js
		npc\9209006_1.js = npc\9209006_1.js
		npc\9209006_2.js = npc\9209006_2.js
		npc\9209007.js = npc\9209007.js
		npc\9209100.js = npc\9209100.js
		npc\9209101.js = npc\9209101.js
		npc\9210003.js = npc\9210003.js
		npc\9220000.js = npc\9220000.js
		npc\9220004.js = npc\9220004.js
		npc\9220005.js = npc\9220005.js
		npc\9220018.js = npc\9220018.js
		npc\9220019.js = npc\9220019.js
		npc\9220020.js = npc\9220020.js
		npc\9250007.js = npc\9250007.js
		npc\9250008.js = npc\9250008.js
		npc\9250009.js = npc\9250009.js
		npc\9250022.js = npc\9250022.js
		npc\9250030.js = npc\9250030.js
		npc\9250031.js = npc\9250031.js
		npc\9250047.js = npc\9250047.js
		npc\9250048.js = npc\9250048.js
		npc\9250049.js = npc\9250049.js
		npc\9250050.js = npc\9250050.js
		npc\9250137.js = npc\9250137.js
		npc\9250139.js = npc\9250139.js
		npc\9250143.js = npc\9250143.js
		npc\9250155.js = npc\9250155.js
		npc\9250156.js = npc\9250156.js
		npc\9270017.js = npc\9270017.js
		npc\9270018.js = npc\9270018.js
		npc\9270019.js = npc\9270019.js
		npc\9270020.js = npc\9270020.js
		npc\9270022.js = npc\9270022.js
		npc\9270023.js = npc\9270023.js
		npc\9270024.js = npc\9270024.js
		npc\9270025.js = npc\9270025.js
		npc\9270026.js = npc\9270026.js
		npc\9270029.js = npc\9270029.js
		npc\9270030.js = npc\9270030.js
		npc\9270033.js = npc\9270033.js
		npc\9270036.js = npc\9270036.js
		npc\9270037.js = npc\9270037.js
		npc\9270038.js = npc\9270038.js
		npc\9270041.js = npc\9270041.js
		npc\9270042.js = npc\9270042.js
		npc\9270043.js = npc\9270043.js
		npc\9270045.js = npc\9270045.js
		npc\9270045_2.js = npc\9270045_2.js
		npc\9270047.js = npc\9270047.js
		npc\9270054.js = npc\9270054.js
		npc\9270055.js = npc\9270055.js
		npc\9270056.js = npc\9270056.js
		npc\9270057.js = npc\9270057.js
		npc\9270072.js = npc\9270072.js
		npc\9270073.js = npc\9270073.js
		npc\9270075.js = npc\9270075.js
		npc\9300000.js = npc\9300000.js
		npc\9300003.js = npc\9300003.js
		npc\9300005.js = npc\9300005.js
		npc\9300006.js = npc\9300006.js
		npc\9300007.js = npc\9300007.js
		npc\9300008.js = npc\9300008.js
		npc\9300009.js = npc\9300009.js
		npc\9300010.js = npc\9300010.js
		npc\9300011.js = npc\9300011.js
		npc\9300011CashItemSellNpc.js = npc\9300011CashItemSellNpc.js
		npc\9310000.js = npc\9310000.js
		npc\9310001.js = npc\9310001.js
		npc\9310002.js = npc\9310002.js
		npc\9310003.js = npc\9310003.js
		npc\9310004.js = npc\9310004.js
		npc\9310005.js = npc\9310005.js
		npc\9310006.js = npc\9310006.js
		npc\9310007.js = npc\9310007.js
		npc\9310013.js = npc\9310013.js
		npc\9310016.js = npc\9310016.js
		npc\9310017.js = npc\9310017.js
		npc\9310018.js = npc\9310018.js
		npc\9310019.js = npc\9310019.js
		npc\9310019_1.js = npc\9310019_1.js
		npc\9310030.js = npc\9310030.js
		npc\9310033.js = npc\9310033.js
		npc\9310038.js = npc\9310038.js
		npc\9310039.js = npc\9310039.js
		npc\9310039BackUp.js = npc\9310039BackUp.js
		npc\9310044.js = npc\9310044.js
		npc\9310050.js = npc\9310050.js
		npc\9310056.js = npc\9310056.js
		npc\9310057.js = npc\9310057.js
		npc\9310059.....js = npc\9310059.....js
		npc\9310059.js = npc\9310059.js
		npc\9310059_1.js = npc\9310059_1.js
		npc\9310059_2.js = npc\9310059_2.js
		npc\9310059_3.js = npc\9310059_3.js
		npc\9310059_4.js = npc\9310059_4.js
		npc\9310059_5.js = npc\9310059_5.js
		npc\9310060.js = npc\9310060.js
		npc\9310070_55.js = npc\9310070_55.js
		npc\9310071_1.js = npc\9310071_1.js
		npc\9310071_2.js = npc\9310071_2.js
		npc\9310071_3.js = npc\9310071_3.js
		npc\9310071_4.js = npc\9310071_4.js
		npc\9310074.js = npc\9310074.js
		npc\9310074_1.js = npc\9310074_1.js
		npc\9310074_2.js = npc\9310074_2.js
		npc\9310074_3.js = npc\9310074_3.js
		npc\9310074_4.js = npc\9310074_4.js
		npc\9310074_5.js = npc\9310074_5.js
		npc\9310074_6.js = npc\9310074_6.js
		npc\9310074_7.js = npc\9310074_7.js
		npc\9310074~.js = npc\9310074~.js
		npc\9310084.js = npc\9310084.js
		npc\9310093.js = npc\9310093.js
		npc\9310100.js = npc\9310100.js
		npc\9310141_1.js = npc\9310141_1.js
		npc\9330000.js = npc\9330000.js
		npc\9330001.js = npc\9330001.js
		npc\9330002.js = npc\9330002.js
		npc\9330007.js = npc\9330007.js
		npc\9330012.js = npc\9330012.js
		npc\9330014.js = npc\9330014.js
		npc\9330021.js = npc\9330021.js
		npc\9330028.js = npc\9330028.js
		npc\9330032.js = npc\9330032.js
		npc\9330042.js = npc\9330042.js
		npc\9330045.js = npc\9330045.js
		npc\9330045_1.js = npc\9330045_1.js
		npc\9330045_10.js = npc\9330045_10.js
		npc\9330045_2.js = npc\9330045_2.js
		npc\9330045`.js = npc\9330045`.js
		npc\9330045封.js = npc\9330045封.js
		npc\9330049.js = npc\9330049.js
		npc\9330050.js = npc\9330050.js
		npc\9330051.js = npc\9330051.js
		npc\9330052.js = npc\9330052.js
		npc\9330053.js = npc\9330053.js
		npc\9330054.js = npc\9330054.js
		npc\9330061.js = npc\9330061.js
		npc\9330062.js = npc\9330062.js
		npc\9330071.js = npc\9330071.js
		npc\9330074.js = npc\9330074.js
		npc\9330078.js = npc\9330078.js
		npc\9330082.js = npc\9330082.js
		npc\9330082_.js = npc\9330082_.js
		npc\9330083.js = npc\9330083.js
		npc\9330083_.js = npc\9330083_.js
		npc\9330083_old.js = npc\9330083_old.js
		npc\9330084.js = npc\9330084.js
		npc\9330085.js = npc\9330085.js
		npc\9330107.js = npc\9330107.js
		npc\9330108.js = npc\9330108.js
		npc\9330109.js = npc\9330109.js
		npc\9330110.js = npc\9330110.js
		npc\9900000.js = npc\9900000.js
		npc\9900001.js = npc\9900001.js
		npc\9900002.js = npc\9900002.js
		npc\9900004.js = npc\9900004.js
		npc\9900004_1.js = npc\9900004_1.js
		npc\9900004_2.js = npc\9900004_2.js
		npc\9900004_3.js = npc\9900004_3.js
		npc\9900004_5.js = npc\9900004_5.js
		npc\9900004_6.js = npc\9900004_6.js
		npc\9900004_886.js = npc\9900004_886.js
		npc\9900004_9.js = npc\9900004_9.js
		npc\9900004_998.js = npc\9900004_998.js
		npc\9900007_88.js = npc\9900007_88.js
		npc\9901000.js = npc\9901000.js
		npc\9901001.js = npc\9901001.js
		npc\9901002.js = npc\9901002.js
		npc\9901003.js = npc\9901003.js
		npc\9901100.js = npc\9901100.js
		npc\9901101.js = npc\9901101.js
		npc\9901200.js = npc\9901200.js
		npc\9901201.js = npc\9901201.js
		npc\9901300.js = npc\9901300.js
		npc\9901301.js = npc\9901301.js
		npc\9901501.js = npc\9901501.js
		npc\9901502.js = npc\9901502.js
		npc\9901503.js = npc\9901503.js
		npc\9901504.js = npc\9901504.js
		npc\notcoded.js = npc\notcoded.js
		npc\重返BOSS.js = npc\重返BOSS.js
	EndProjectSection
EndProject
Project("{2150E333-8FDC-42A3-9474-1A3956D46DE8}") = "飞天猪", "飞天猪", "{C7CB662A-FF81-4A2D-9A2B-64C072190A48}"
	ProjectSection(SolutionItems) = preProject
		npc\9050000.js = npc\9050000.js
		npc\9050001.js = npc\9050001.js
		npc\9050002.js = npc\9050002.js
		npc\9050003.js = npc\9050003.js
		npc\9050004.js = npc\9050004.js
		npc\9050005.js = npc\9050005.js
	EndProjectSection
EndProject
Project("{2150E333-8FDC-42A3-9474-1A3956D46DE8}") = "星缘", "星缘", "{9A5E64ED-FDD2-4512-A822-35263F77E3EB}"
	ProjectSection(SolutionItems) = preProject
		npc\9310060.js = npc\9310060.js
	EndProjectSection
EndProject
Project("{2150E333-8FDC-42A3-9474-1A3956D46DE8}") = "枫叶兑换", "枫叶兑换", "{1CF28B96-0162-4656-8293-839D148DFE59}"
	ProjectSection(SolutionItems) = preProject
		npc\9900004_5.js = npc\9900004_5.js
	EndProjectSection
EndProject
Project("{2150E333-8FDC-42A3-9474-1A3956D46DE8}") = "转职官", "转职官", "{F4886037-1E84-4F32-A01D-DCBDB5B2D3EC}"
EndProject
Project("{2150E333-8FDC-42A3-9474-1A3956D46DE8}") = "QUEST", "QUEST", "{F28827A9-645A-4291-80B3-AA4214A8CE7B}"
	ProjectSection(SolutionItems) = preProject
		quest\10206.js = quest\10206.js
		quest\10207.js = quest\10207.js
		quest\10208.js = quest\10208.js
		quest\10209.js = quest\10209.js
		quest\1021.js = quest\1021.js
		quest\1030.js = quest\1030.js
		quest\10380.js = quest\10380.js
		quest\1048.js = quest\1048.js
		quest\10579.js = quest\10579.js
		quest\10610.js = quest\10610.js
		quest\10611.js = quest\10611.js
		quest\10612.js = quest\10612.js
		quest\10613.js = quest\10613.js
		quest\10614.js = quest\10614.js
		quest\10615.js = quest\10615.js
		quest\10616.js = quest\10616.js
		quest\10617.js = quest\10617.js
		quest\10618.js = quest\10618.js
		quest\10940.js = quest\10940.js
		quest\10941.js = quest\10941.js
		quest\10942.js = quest\10942.js
		quest\10943.js = quest\10943.js
		quest\10944.js = quest\10944.js
		quest\10945.js = quest\10945.js
		quest\10946.js = quest\10946.js
		quest\10947.js = quest\10947.js
		quest\11047.js = quest\11047.js
		quest\11048.js = quest\11048.js
		quest\11051.js = quest\11051.js
		quest\11052.js = quest\11052.js
		quest\11053.js = quest\11053.js
		quest\11057.js = quest\11057.js
		quest\11060.js = quest\11060.js
		quest\11061.js = quest\11061.js
		quest\11062.js = quest\11062.js
		quest\11063.js = quest\11063.js
		quest\11064.js = quest\11064.js
		quest\11065.js = quest\11065.js
		quest\11066.js = quest\11066.js
		quest\11067.js = quest\11067.js
		quest\11385.js = quest\11385.js
		quest\11465.js = quest\11465.js
		quest\11597.js = quest\11597.js
		quest\11600.js = quest\11600.js
		quest\11632.js = quest\11632.js
		quest\11930.js = quest\11930.js
		quest\11988.js = quest\11988.js
		quest\20010.js = quest\20010.js
		quest\20011.js = quest\20011.js
		quest\20012.js = quest\20012.js
		quest\20013.js = quest\20013.js
		quest\20015.js = quest\20015.js
		quest\20016.js = quest\20016.js
		quest\20017.js = quest\20017.js
		quest\20020.js = quest\20020.js
		quest\20100.js = quest\20100.js
		quest\20101.js = quest\20101.js
		quest\20102.js = quest\20102.js
		quest\20103.js = quest\20103.js
		quest\20104.js = quest\20104.js
		quest\20105.js = quest\20105.js
		quest\20200.js = quest\20200.js
		quest\20201.js = quest\20201.js
		quest\20202.js = quest\20202.js
		quest\20203.js = quest\20203.js
		quest\20204.js = quest\20204.js
		quest\20205.js = quest\20205.js
		quest\20311.js = quest\20311.js
		quest\20312.js = quest\20312.js
		quest\20313.js = quest\20313.js
		quest\20314.js = quest\20314.js
		quest\20315.js = quest\20315.js
		quest\20400.js = quest\20400.js
		quest\20401.js = quest\20401.js
		quest\20405.js = quest\20405.js
		quest\20406.js = quest\20406.js
		quest\20408.js = quest\20408.js
		quest\20520.js = quest\20520.js
		quest\20522.js = quest\20522.js
		quest\20600.js = quest\20600.js
		quest\20610.js = quest\20610.js
		quest\20700.js = quest\20700.js
		quest\20734.js = quest\20734.js
		quest\21000.js = quest\21000.js
		quest\21001.js = quest\21001.js
		quest\21010.js = quest\21010.js
		quest\21011.js = quest\21011.js
		quest\21012.js = quest\21012.js
		quest\21013.js = quest\21013.js
		quest\21015.js = quest\21015.js
		quest\21016.js = quest\21016.js
		quest\21017.js = quest\21017.js
		quest\21018.js = quest\21018.js
		quest\21100.js = quest\21100.js
		quest\21101.js = quest\21101.js
		quest\21200.js = quest\21200.js
		quest\21201.js = quest\21201.js
		quest\21202.js = quest\21202.js
		quest\2127.js = quest\2127.js
		quest\21300.js = quest\21300.js
		quest\21400.js = quest\21400.js
		quest\21401.js = quest\21401.js
		quest\2148.js = quest\2148.js
		quest\2149.js = quest\2149.js
		quest\2150.js = quest\2150.js
		quest\21500.js = quest\21500.js
		quest\2151.js = quest\2151.js
		quest\2152.js = quest\2152.js
		quest\2156.js = quest\2156.js
		quest\21600.js = quest\21600.js
		quest\21604.js = quest\21604.js
		quest\21613.js = quest\21613.js
		quest\21618.js = quest\21618.js
		quest\21700.js = quest\21700.js
		quest\21703.js = quest\21703.js
		quest\21704.js = quest\21704.js
		quest\21712.js = quest\21712.js
		quest\21716.js = quest\21716.js
		quest\21719.js = quest\21719.js
		quest\21720.js = quest\21720.js
		quest\21766.js = quest\21766.js
		quest\21767.js = quest\21767.js
		quest\2186.js = quest\2186.js
		quest\2197.js = quest\2197.js
		quest\22000.js = quest\22000.js
		quest\22001.js = quest\22001.js
		quest\22002.js = quest\22002.js
		quest\22003.js = quest\22003.js
		quest\22004.js = quest\22004.js
		quest\22007.js = quest\22007.js
		quest\22008.js = quest\22008.js
		quest\22009.js = quest\22009.js
		quest\22010.js = quest\22010.js
		quest\22100.js = quest\22100.js
		quest\22101.js = quest\22101.js
		quest\22102.js = quest\22102.js
		quest\22103.js = quest\22103.js
		quest\22104.js = quest\22104.js
		quest\22105.js = quest\22105.js
		quest\22106.js = quest\22106.js
		quest\22107.js = quest\22107.js
		quest\22108.js = quest\22108.js
		quest\22109.js = quest\22109.js
		quest\2214.js = quest\2214.js
		quest\2215.js = quest\2215.js
		quest\2216.js = quest\2216.js
		quest\2217.js = quest\2217.js
		quest\2218.js = quest\2218.js
		quest\2219.js = quest\2219.js
		quest\2228.js = quest\2228.js
		quest\2230.js = quest\2230.js
		quest\22300.js = quest\22300.js
		quest\2232.js = quest\2232.js
		quest\2233.js = quest\2233.js
		quest\2234.js = quest\2234.js
		quest\2238.js = quest\2238.js
		quest\22401.js = quest\22401.js
		quest\22403.js = quest\22403.js
		quest\22406.js = quest\22406.js
		quest\22411.js = quest\22411.js
		quest\22500.js = quest\22500.js
		quest\22501.js = quest\22501.js
		quest\22502.js = quest\22502.js
		quest\22503.js = quest\22503.js
		quest\22504.js = quest\22504.js
		quest\22505.js = quest\22505.js
		quest\22506.js = quest\22506.js
		quest\22507.js = quest\22507.js
		quest\2251.js = quest\2251.js
		quest\22510.js = quest\22510.js
		quest\22512.js = quest\22512.js
		quest\22514.js = quest\22514.js
		quest\22518.js = quest\22518.js
		quest\22536.js = quest\22536.js
		quest\22541.js = quest\22541.js
		quest\22546.js = quest\22546.js
		quest\22560.js = quest\22560.js
		quest\22564.js = quest\22564.js
		quest\22565.js = quest\22565.js
		quest\22567.js = quest\22567.js
		quest\22575.js = quest\22575.js
		quest\22578.js = quest\22578.js
		quest\22581.js = quest\22581.js
		quest\22582.js = quest\22582.js
		quest\22585.js = quest\22585.js
		quest\22587.js = quest\22587.js
		quest\22591.js = quest\22591.js
		quest\22593.js = quest\22593.js
		quest\22594.js = quest\22594.js
		quest\22595.js = quest\22595.js
		quest\22602.js = quest\22602.js
		quest\22603.js = quest\22603.js
		quest\22606.js = quest\22606.js
		quest\22607.js = quest\22607.js
		quest\2300.js = quest\2300.js
		quest\2301.js = quest\2301.js
		quest\23011.js = quest\23011.js
		quest\23012.js = quest\23012.js
		quest\23013.js = quest\23013.js
		quest\23015.js = quest\23015.js
		quest\2302.js = quest\2302.js
		quest\23023.js = quest\23023.js
		quest\23024.js = quest\23024.js
		quest\23025.js = quest\23025.js
		quest\2303.js = quest\2303.js
		quest\23033.js = quest\23033.js
		quest\23034.js = quest\23034.js
		quest\23035.js = quest\23035.js
		quest\2304.js = quest\2304.js
		quest\23049.js = quest\23049.js
		quest\2305.js = quest\2305.js
		quest\23050.js = quest\23050.js
		quest\23051.js = quest\23051.js
		quest\23052.js = quest\23052.js
		quest\23053.js = quest\23053.js
		quest\23054.js = quest\23054.js
		quest\2306.js = quest\2306.js
		quest\2307.js = quest\2307.js
		quest\2308.js = quest\2308.js
		quest\2309.js = quest\2309.js
		quest\2310.js = quest\2310.js
		quest\23100.js = quest\23100.js
		quest\23101.js = quest\23101.js
		quest\23102.js = quest\23102.js
		quest\23107.js = quest\23107.js
		quest\23108.js = quest\23108.js
		quest\23109.js = quest\23109.js
		quest\2312.js = quest\2312.js
		quest\23127.js = quest\23127.js
		quest\2313.js = quest\2313.js
		quest\2314.js = quest\2314.js
		quest\2315.js = quest\2315.js
		quest\2316.js = quest\2316.js
		quest\2317.js = quest\2317.js
		quest\2318.js = quest\2318.js
		quest\2319.js = quest\2319.js
		quest\2320.js = quest\2320.js
		quest\23205.js = quest\23205.js
		quest\2321.js = quest\2321.js
		quest\23212.js = quest\23212.js
		quest\23214.js = quest\23214.js
		quest\23215.js = quest\23215.js
		quest\23218.js = quest\23218.js
		quest\23219.js = quest\23219.js
		quest\2322.js = quest\2322.js
		quest\2323.js = quest\2323.js
		quest\2324.js = quest\2324.js
		quest\2325.js = quest\2325.js
		quest\2327.js = quest\2327.js
		quest\2332.js = quest\2332.js
		quest\2333.js = quest\2333.js
		quest\2334.js = quest\2334.js
		quest\2335.js = quest\2335.js
		quest\2338.js = quest\2338.js
		quest\2342.js = quest\2342.js
		quest\2344.js = quest\2344.js
		quest\2345.js = quest\2345.js
		quest\2346.js = quest\2346.js
		quest\2363.js = quest\2363.js
		quest\2369.js = quest\2369.js
		quest\2374.js = quest\2374.js
		quest\23903.js = quest\23903.js
		quest\23905.js = quest\23905.js
		quest\23907.js = quest\23907.js
		quest\23908.js = quest\23908.js
		quest\23909.js = quest\23909.js
		quest\23928.js = quest\23928.js
		quest\23951.js = quest\23951.js
		quest\23961.js = quest\23961.js
		quest\23963.js = quest\23963.js
		quest\23968.js = quest\23968.js
		quest\24002.js = quest\24002.js
		quest\24003.js = quest\24003.js
		quest\24004.js = quest\24004.js
		quest\24011.js = quest\24011.js
		quest\24012.js = quest\24012.js
		quest\24013.js = quest\24013.js
		quest\24020.js = quest\24020.js
		quest\24040.js = quest\24040.js
		quest\24041.js = quest\24041.js
		quest\24051.js = quest\24051.js
		quest\24061.js = quest\24061.js
		quest\24063.js = quest\24063.js
		quest\24064.js = quest\24064.js
		quest\24065.js = quest\24065.js
		quest\24066.js = quest\24066.js
		quest\24068.js = quest\24068.js
		quest\24069.js = quest\24069.js
		quest\24071.js = quest\24071.js
		quest\24072.js = quest\24072.js
		quest\24073.js = quest\24073.js
		quest\24090.js = quest\24090.js
		quest\24091.js = quest\24091.js
		quest\24097.js = quest\24097.js
		quest\2490.js = quest\2490.js
		quest\2491.js = quest\2491.js
		quest\2492.js = quest\2492.js
		quest\2493.js = quest\2493.js
		quest\2494.js = quest\2494.js
		quest\2505.js = quest\2505.js
		quest\2506.js = quest\2506.js
		quest\2559.js = quest\2559.js
		quest\2560.js = quest\2560.js
		quest\2561.js = quest\2561.js
		quest\2568.js = quest\2568.js
		quest\2570.js = quest\2570.js
		quest\2573.js = quest\2573.js
		quest\26000.js = quest\26000.js
		quest\28433.js = quest\28433.js
		quest\28539.js = quest\28539.js
		quest\28546.js = quest\28546.js
		quest\28553.js = quest\28553.js
		quest\28555.js = quest\28555.js
		quest\28556.js = quest\28556.js
		quest\28557.js = quest\28557.js
		quest\28558.js = quest\28558.js
		quest\28559.js = quest\28559.js
		quest\28560.js = quest\28560.js
		quest\28561.js = quest\28561.js
		quest\28562.js = quest\28562.js
		quest\28563.js = quest\28563.js
		quest\28564.js = quest\28564.js
		quest\28565.js = quest\28565.js
		quest\28566.js = quest\28566.js
		quest\28569.js = quest\28569.js
		quest\28570.js = quest\28570.js
		quest\28571.js = quest\28571.js
		quest\28572.js = quest\28572.js
		quest\29001.js = quest\29001.js
		quest\29016.js = quest\29016.js
		quest\29017.js = quest\29017.js
		quest\29018.js = quest\29018.js
		quest\29019.js = quest\29019.js
		quest\29300.js = quest\29300.js
		quest\29301.js = quest\29301.js
		quest\29302.js = quest\29302.js
		quest\29303.js = quest\29303.js
		quest\29304.js = quest\29304.js
		quest\29503.js = quest\29503.js
		quest\29505.js = quest\29505.js
		quest\29506.js = quest\29506.js
		quest\29508.js = quest\29508.js
		quest\29900.js = quest\29900.js
		quest\29901.js = quest\29901.js
		quest\29902.js = quest\29902.js
		quest\29903.js = quest\29903.js
		quest\29904.js = quest\29904.js
		quest\29905.js = quest\29905.js
		quest\29906.js = quest\29906.js
		quest\29907.js = quest\29907.js
		quest\29908.js = quest\29908.js
		quest\29909.js = quest\29909.js
		quest\29910.js = quest\29910.js
		quest\29911.js = quest\29911.js
		quest\29912.js = quest\29912.js
		quest\29913.js = quest\29913.js
		quest\29914.js = quest\29914.js
		quest\29924.js = quest\29924.js
		quest\29925.js = quest\29925.js
		quest\29926.js = quest\29926.js
		quest\29927.js = quest\29927.js
		quest\29928.js = quest\29928.js
		quest\29934.js = quest\29934.js
		quest\29935.js = quest\29935.js
		quest\29936.js = quest\29936.js
		quest\29937.js = quest\29937.js
		quest\29938.js = quest\29938.js
		quest\29939.js = quest\29939.js
		quest\29940.js = quest\29940.js
		quest\29941.js = quest\29941.js
		quest\29942.js = quest\29942.js
		quest\29943.js = quest\29943.js
		quest\29944.js = quest\29944.js
		quest\29945.js = quest\29945.js
		quest\29946.js = quest\29946.js
		quest\29947.js = quest\29947.js
		quest\29948.js = quest\29948.js
		quest\3083.js = quest\3083.js
		quest\31000.js = quest\31000.js
		quest\31010.js = quest\31010.js
		quest\31013.js = quest\31013.js
		quest\3108.js = quest\3108.js
		quest\31105.js = quest\31105.js
		quest\31119.js = quest\31119.js
		quest\31146.js = quest\31146.js
		quest\31158.js = quest\31158.js
		quest\3116.js = quest\3116.js
		quest\3118.js = quest\3118.js
		quest\3122.js = quest\3122.js
		quest\3138.js = quest\3138.js
		quest\3162.js = quest\3162.js
		quest\3182.js = quest\3182.js
		quest\3184.js = quest\3184.js
		quest\3185.js = quest\3185.js
		quest\3191.js = quest\3191.js
		quest\3192.js = quest\3192.js
		quest\3301.js = quest\3301.js
		quest\3303.js = quest\3303.js
		quest\3314.js = quest\3314.js
		quest\3360.js = quest\3360.js
		quest\3452.js = quest\3452.js
		quest\3514.js = quest\3514.js
		quest\3523.js = quest\3523.js
		quest\3524.js = quest\3524.js
		quest\3525.js = quest\3525.js
		quest\3526.js = quest\3526.js
		quest\3527.js = quest\3527.js
		quest\3529.js = quest\3529.js
		quest\3539.js = quest\3539.js
		quest\3540.js = quest\3540.js
		quest\3541.js = quest\3541.js
		quest\3715.js = quest\3715.js
		quest\3759.js = quest\3759.js
		quest\3833.js = quest\3833.js
		quest\3933.js = quest\3933.js
		quest\3941.js = quest\3941.js
		quest\3975.js = quest\3975.js
		quest\4647.js = quest\4647.js
		quest\4659.js = quest\4659.js
		quest\4681.js = quest\4681.js
		quest\4686.js = quest\4686.js
		quest\4689.js = quest\4689.js
		quest\4693.js = quest\4693.js
		quest\4696.js = quest\4696.js
		quest\4698.js = quest\4698.js
		quest\4760.js = quest\4760.js
		quest\47601.js = quest\47601.js
		quest\4761.js = quest\4761.js
		quest\4762.js = quest\4762.js
		quest\4763.js = quest\4763.js
		quest\4764.js = quest\4764.js
		quest\4765.js = quest\4765.js
		quest\4766.js = quest\4766.js
		quest\4767.js = quest\4767.js
		quest\4768.js = quest\4768.js
		quest\4769.js = quest\4769.js
		quest\4770.js = quest\4770.js
		quest\4771.js = quest\4771.js
		quest\4900.js = quest\4900.js
		quest\4901.js = quest\4901.js
		quest\4902.js = quest\4902.js
		quest\4903.js = quest\4903.js
		quest\4904.js = quest\4904.js
		quest\4905.js = quest\4905.js
		quest\4906.js = quest\4906.js
		quest\4907.js = quest\4907.js
		quest\4908.js = quest\4908.js
		quest\4909.js = quest\4909.js
		quest\4910.js = quest\4910.js
		quest\4911.js = quest\4911.js
		quest\50003.js = quest\50003.js
		quest\50004.js = quest\50004.js
		quest\50005.js = quest\50005.js
		quest\50012.js = quest\50012.js
		quest\50016.js = quest\50016.js
		quest\50020.js = quest\50020.js
		quest\50034.js = quest\50034.js
		quest\50246.js = quest\50246.js
		quest\50670.js = quest\50670.js
		quest\50673.js = quest\50673.js
		quest\50679.js = quest\50679.js
		quest\50683.js = quest\50683.js
		quest\50688.js = quest\50688.js
		quest\50689.js = quest\50689.js
		quest\50691.js = quest\50691.js
		quest\50692.js = quest\50692.js
		quest\50698.js = quest\50698.js
		quest\50699.js = quest\50699.js
		quest\50704.js = quest\50704.js
		quest\50706.js = quest\50706.js
		quest\50707.js = quest\50707.js
		quest\50711.js = quest\50711.js
		quest\50712.js = quest\50712.js
		quest\50722.js = quest\50722.js
		quest\51418.js = quest\51418.js
		quest\53222.js = quest\53222.js
		quest\5371.js = quest\5371.js
		quest\56015.js = quest\56015.js
		quest\56016.js = quest\56016.js
		quest\56017.js = quest\56017.js
		quest\56018.js = quest\56018.js
		quest\56019.js = quest\56019.js
		quest\56020.js = quest\56020.js
		quest\56021.js = quest\56021.js
		quest\56022.js = quest\56022.js
		quest\56023.js = quest\56023.js
		quest\56024.js = quest\56024.js
		quest\56025.js = quest\56025.js
		quest\56026.js = quest\56026.js
		quest\56027.js = quest\56027.js
		quest\56200.js = quest\56200.js
		quest\56202.js = quest\56202.js
		quest\56204.js = quest\56204.js
		quest\6008.js = quest\6008.js
		quest\6009.js = quest\6009.js
		quest\6010.js = quest\6010.js
		quest\6011.js = quest\6011.js
		quest\6013.js = quest\6013.js
		quest\6600.js = quest\6600.js
		quest\6601.js = quest\6601.js
		quest\6602.js = quest\6602.js
		quest\7707.js = quest\7707.js
		quest\8185.js = quest\8185.js
		quest\8189.js = quest\8189.js
		quest\8219.js = quest\8219.js
		quest\8221.js = quest\8221.js
		quest\8222.js = quest\8222.js
		quest\8224.js = quest\8224.js
		quest\8225.js = quest\8225.js
		quest\8226.js = quest\8226.js
		quest\8227.js = quest\8227.js
		quest\8228.js = quest\8228.js
		quest\8229.js = quest\8229.js
		quest\8230.js = quest\8230.js
		quest\8251.js = quest\8251.js
		quest\8510.js = quest\8510.js
		quest\85111.js = quest\85111.js
		quest\8588.js = quest\8588.js
		quest\8589.js = quest\8589.js
		quest\8590.js = quest\8590.js
		quest\8591.js = quest\8591.js
		quest\8592.js = quest\8592.js
		quest\8593.js = quest\8593.js
		quest\8723.js = quest\8723.js
		quest\8724.js = quest\8724.js
		quest\9000058.js = quest\9000058.js
		quest\9981.js = quest\9981.js
		quest\9982.js = quest\9982.js
		quest\9984.js = quest\9984.js
		quest\9985.js = quest\9985.js
		quest\9991.js = quest\9991.js
	EndProjectSection
EndProject
Project("{2150E333-8FDC-42A3-9474-1A3956D46DE8}") = "阿尔卡斯特", "阿尔卡斯特", "{B7934954-2BE0-4052-BA43-5B1707B2F65B}"
	ProjectSection(SolutionItems) = preProject
		npc\2020005.js = npc\2020005.js
	EndProjectSection
EndProject
Project("{2150E333-8FDC-42A3-9474-1A3956D46DE8}") = "弓箭手", "弓箭手", "{DEF38372-09DE-457F-B124-1826687AD83F}"
	ProjectSection(SolutionItems) = preProject
		npc\1012100.js = npc\1012100.js
		npc\1072002.js = npc\1072002.js
		npc\1072006.js = npc\1072006.js
		npc\2020010.js = npc\2020010.js
	EndProjectSection
EndProject
Project("{2150E333-8FDC-42A3-9474-1A3956D46DE8}") = "黑圣石", "黑圣石", "{A5F9421E-A833-4549-B3FD-742FB9CBE530}"
	ProjectSection(SolutionItems) = preProject
		npc\2030006.js = npc\2030006.js
	EndProjectSection
EndProject
Project("{2150E333-8FDC-42A3-9474-1A3956D46DE8}") = "飞侠", "飞侠", "{A5B3E9DD-36DC-472F-A672-FE96FD1768D3}"
	ProjectSection(SolutionItems) = preProject
		npc\1052001.js = npc\1052001.js
		npc\1072003.js = npc\1072003.js
		npc\1072007.js = npc\1072007.js
		npc\2020011.js = npc\2020011.js
	EndProjectSection
EndProject
Project("{2150E333-8FDC-42A3-9474-1A3956D46DE8}") = "海盗", "海盗", "{7E071847-94F2-4099-B23D-A31BBE253855}"
	ProjectSection(SolutionItems) = preProject
		npc\1072008.js = npc\1072008.js
		npc\1090000.js = npc\1090000.js
		npc\2020013.js = npc\2020013.js
	EndProjectSection
EndProject
Project("{2150E333-8FDC-42A3-9474-1A3956D46DE8}") = "魔法师", "魔法师", "{F247D70A-0B80-47EF-9B3C-4388CA39D26F}"
	ProjectSection(SolutionItems) = preProject
		npc\1032001.js = npc\1032001.js
		npc\1072001.js = npc\1072001.js
		npc\1072005.js = npc\1072005.js
		npc\2020009.js = npc\2020009.js
	EndProjectSection
EndProject
Project("{2150E333-8FDC-42A3-9474-1A3956D46DE8}") = "战士", "战士", "{7B364324-C39E-4E0C-A47F-FE4DA9886219}"
	ProjectSection(SolutionItems) = preProject
		npc\1022000.js = npc\1022000.js
		npc\1072000.js = npc\1072000.js
		npc\1072004.js = npc\1072004.js
		npc\2020008.js = npc\2020008.js
	EndProjectSection
EndProject
Project("{2150E333-8FDC-42A3-9474-1A3956D46DE8}") = "钓鱼", "钓鱼", "{368EEE6C-8713-480C-B2BD-49BEFBBA9DAF}"
	ProjectSection(SolutionItems) = preProject
		npc\9330045.js = npc\9330045.js
		npc\9330045_10.js = npc\9330045_10.js
	EndProjectSection
EndProject
Global
	GlobalSection(SolutionProperties) = preSolution
		HideSolutionNode = FALSE
	EndGlobalSection
	GlobalSection(NestedProjects) = preSolution
		{DEF38372-09DE-457F-B124-1826687AD83F} = {F4886037-1E84-4F32-A01D-DCBDB5B2D3EC}
		{A5B3E9DD-36DC-472F-A672-FE96FD1768D3} = {F4886037-1E84-4F32-A01D-DCBDB5B2D3EC}
		{7E071847-94F2-4099-B23D-A31BBE253855} = {F4886037-1E84-4F32-A01D-DCBDB5B2D3EC}
		{F247D70A-0B80-47EF-9B3C-4388CA39D26F} = {F4886037-1E84-4F32-A01D-DCBDB5B2D3EC}
		{7B364324-C39E-4E0C-A47F-FE4DA9886219} = {F4886037-1E84-4F32-A01D-DCBDB5B2D3EC}
	EndGlobalSection
EndGlobal
